
Microsoft Visual Studio Solution File, Format Version 12.00
# Visual Studio Version 17
VisualStudioVersion = 17.0.31903.59
MinimumVisualStudioVersion = 10.0.40219.1
Project("{2150E333-8FDC-42A3-9474-1A3956D46DE8}") = "src", "src", "{827E0CD3-B72D-47B6-A68D-7590B98EB39B}"
EndProject
Project("{FAE04EC0-301F-11D3-BF4B-00C04F79EFBC}") = "Core", "src\Core\Core.csproj", "{EC867D10-E57C-4489-9A47-1FD8683AE5FE}"
EndProject
Project("{FAE04EC0-301F-11D3-BF4B-00C04F79EFBC}") = "Application", "src\Application\Application.csproj", "{AE0F2FC6-A750-4459-9A9B-CBC027A22F71}"
EndProject
Project("{FAE04EC0-301F-11D3-BF4B-00C04F79EFBC}") = "Infrastructure", "src\Infrastructure\Infrastructure.csproj", "{B27517F7-7956-49F7-84DE-A829E5F4FB9F}"
EndProject
Project("{FAE04EC0-301F-11D3-BF4B-00C04F79EFBC}") = "APSSystem.Presentation.WPF", "src\APSSystem.Presentation.WPF\APSSystem.Presentation.WPF.csproj", "{F35EA5C0-27D6-42D9-8172-8D2A34D756C4}"
EndProject
Project("{2150E333-8FDC-42A3-9474-1A3956D46DE8}") = "tests", "tests", "{0AB3BF05-4346-4AA6-1389-037BE0695223}"
EndProject
Project("{FAE04EC0-301F-11D3-BF4B-00C04F79EFBC}") = "Core.Tests", "tests\Core.Tests\Core.Tests.csproj", "{B4C57848-7F37-450F-B06C-03DDC1AA00A6}"
EndProject
Global
	GlobalSection(SolutionConfigurationPlatforms) = preSolution
		Debug|Any CPU = Debug|Any CPU
		Debug|x64 = Debug|x64
		Debug|x86 = Debug|x86
		Release|Any CPU = Release|Any CPU
		Release|x64 = Release|x64
		Release|x86 = Release|x86
	EndGlobalSection
	GlobalSection(ProjectConfigurationPlatforms) = postSolution
		{EC867D10-E57C-4489-9A47-1FD8683AE5FE}.Debug|Any CPU.ActiveCfg = Debug|Any CPU
		{EC867D10-E57C-4489-9A47-1FD8683AE5FE}.Debug|Any CPU.Build.0 = Debug|Any CPU
		{EC867D10-E57C-4489-9A47-1FD8683AE5FE}.Debug|x64.ActiveCfg = Debug|Any CPU
		{EC867D10-E57C-4489-9A47-1FD8683AE5FE}.Debug|x64.Build.0 = Debug|Any CPU
		{EC867D10-E57C-4489-9A47-1FD8683AE5FE}.Debug|x86.ActiveCfg = Debug|Any CPU
		{EC867D10-E57C-4489-9A47-1FD8683AE5FE}.Debug|x86.Build.0 = Debug|Any CPU
		{EC867D10-E57C-4489-9A47-1FD8683AE5FE}.Release|Any CPU.ActiveCfg = Release|Any CPU
		{EC867D10-E57C-4489-9A47-1FD8683AE5FE}.Release|Any CPU.Build.0 = Release|Any CPU
		{EC867D10-E57C-4489-9A47-1FD8683AE5FE}.Release|x64.ActiveCfg = Release|Any CPU
		{EC867D10-E57C-4489-9A47-1FD8683AE5FE}.Release|x64.Build.0 = Release|Any CPU
		{EC867D10-E57C-4489-9A47-1FD8683AE5FE}.Release|x86.ActiveCfg = Release|Any CPU
		{EC867D10-E57C-4489-9A47-1FD8683AE5FE}.Release|x86.Build.0 = Release|Any CPU
		{AE0F2FC6-A750-4459-9A9B-CBC027A22F71}.Debug|Any CPU.ActiveCfg = Debug|Any CPU
		{AE0F2FC6-A750-4459-9A9B-CBC027A22F71}.Debug|Any CPU.Build.0 = Debug|Any CPU
		{AE0F2FC6-A750-4459-9A9B-CBC027A22F71}.Debug|x64.ActiveCfg = Debug|Any CPU
		{AE0F2FC6-A750-4459-9A9B-CBC027A22F71}.Debug|x64.Build.0 = Debug|Any CPU
		{AE0F2FC6-A750-4459-9A9B-CBC027A22F71}.Debug|x86.ActiveCfg = Debug|Any CPU
		{AE0F2FC6-A750-4459-9A9B-CBC027A22F71}.Debug|x86.Build.0 = Debug|Any CPU
		{AE0F2FC6-A750-4459-9A9B-CBC027A22F71}.Release|Any CPU.ActiveCfg = Release|Any CPU
		{AE0F2FC6-A750-4459-9A9B-CBC027A22F71}.Release|Any CPU.Build.0 = Release|Any CPU
		{AE0F2FC6-A750-4459-9A9B-CBC027A22F71}.Release|x64.ActiveCfg = Release|Any CPU
		{AE0F2FC6-A750-4459-9A9B-CBC027A22F71}.Release|x64.Build.0 = Release|Any CPU
		{AE0F2FC6-A750-4459-9A9B-CBC027A22F71}.Release|x86.ActiveCfg = Release|Any CPU
		{AE0F2FC6-A750-4459-9A9B-CBC027A22F71}.Release|x86.Build.0 = Release|Any CPU
		{B27517F7-7956-49F7-84DE-A829E5F4FB9F}.Debug|Any CPU.ActiveCfg = Debug|Any CPU
		{B27517F7-7956-49F7-84DE-A829E5F4FB9F}.Debug|Any CPU.Build.0 = Debug|Any CPU
		{B27517F7-7956-49F7-84DE-A829E5F4FB9F}.Debug|x64.ActiveCfg = Debug|Any CPU
		{B27517F7-7956-49F7-84DE-A829E5F4FB9F}.Debug|x64.Build.0 = Debug|Any CPU
		{B27517F7-7956-49F7-84DE-A829E5F4FB9F}.Debug|x86.ActiveCfg = Debug|Any CPU
		{B27517F7-7956-49F7-84DE-A829E5F4FB9F}.Debug|x86.Build.0 = Debug|Any CPU
		{B27517F7-7956-49F7-84DE-A829E5F4FB9F}.Release|Any CPU.ActiveCfg = Release|Any CPU
		{B27517F7-7956-49F7-84DE-A829E5F4FB9F}.Release|Any CPU.Build.0 = Release|Any CPU
		{B27517F7-7956-49F7-84DE-A829E5F4FB9F}.Release|x64.ActiveCfg = Release|Any CPU
		{B27517F7-7956-49F7-84DE-A829E5F4FB9F}.Release|x64.Build.0 = Release|Any CPU
		{B27517F7-7956-49F7-84DE-A829E5F4FB9F}.Release|x86.ActiveCfg = Release|Any CPU
		{B27517F7-7956-49F7-84DE-A829E5F4FB9F}.Release|x86.Build.0 = Release|Any CPU
		{F35EA5C0-27D6-42D9-8172-8D2A34D756C4}.Debug|Any CPU.ActiveCfg = Debug|Any CPU
		{F35EA5C0-27D6-42D9-8172-8D2A34D756C4}.Debug|Any CPU.Build.0 = Debug|Any CPU
		{F35EA5C0-27D6-42D9-8172-8D2A34D756C4}.Debug|x64.ActiveCfg = Debug|Any CPU
		{F35EA5C0-27D6-42D9-8172-8D2A34D756C4}.Debug|x64.Build.0 = Debug|Any CPU
		{F35EA5C0-27D6-42D9-8172-8D2A34D756C4}.Debug|x86.ActiveCfg = Debug|Any CPU
		{F35EA5C0-27D6-42D9-8172-8D2A34D756C4}.Debug|x86.Build.0 = Debug|Any CPU
		{F35EA5C0-27D6-42D9-8172-8D2A34D756C4}.Release|Any CPU.ActiveCfg = Release|Any CPU
		{F35EA5C0-27D6-42D9-8172-8D2A34D756C4}.Release|Any CPU.Build.0 = Release|Any CPU
		{F35EA5C0-27D6-42D9-8172-8D2A34D756C4}.Release|x64.ActiveCfg = Release|Any CPU
		{F35EA5C0-27D6-42D9-8172-8D2A34D756C4}.Release|x64.Build.0 = Release|Any CPU
		{F35EA5C0-27D6-42D9-8172-8D2A34D756C4}.Release|x86.ActiveCfg = Release|Any CPU
		{F35EA5C0-27D6-42D9-8172-8D2A34D756C4}.Release|x86.Build.0 = Release|Any CPU
		{B4C57848-7F37-450F-B06C-03DDC1AA00A6}.Debug|Any CPU.ActiveCfg = Debug|Any CPU
		{B4C57848-7F37-450F-B06C-03DDC1AA00A6}.Debug|Any CPU.Build.0 = Debug|Any CPU
		{B4C57848-7F37-450F-B06C-03DDC1AA00A6}.Debug|x64.ActiveCfg = Debug|Any CPU
		{B4C57848-7F37-450F-B06C-03DDC1AA00A6}.Debug|x64.Build.0 = Debug|Any CPU
		{B4C57848-7F37-450F-B06C-03DDC1AA00A6}.Debug|x86.ActiveCfg = Debug|Any CPU
		{B4C57848-7F37-450F-B06C-03DDC1AA00A6}.Debug|x86.Build.0 = Debug|Any CPU
		{B4C57848-7F37-450F-B06C-03DDC1AA00A6}.Release|Any CPU.ActiveCfg = Release|Any CPU
		{B4C57848-7F37-450F-B06C-03DDC1AA00A6}.Release|Any CPU.Build.0 = Release|Any CPU
		{B4C57848-7F37-450F-B06C-03DDC1AA00A6}.Release|x64.ActiveCfg = Release|Any CPU
		{B4C57848-7F37-450F-B06C-03DDC1AA00A6}.Release|x64.Build.0 = Release|Any CPU
		{B4C57848-7F37-450F-B06C-03DDC1AA00A6}.Release|x86.ActiveCfg = Release|Any CPU
		{B4C57848-7F37-450F-B06C-03DDC1AA00A6}.Release|x86.Build.0 = Release|Any CPU
	EndGlobalSection
	GlobalSection(SolutionProperties) = preSolution
		HideSolutionNode = FALSE
	EndGlobalSection
	GlobalSection(NestedProjects) = preSolution
		{EC867D10-E57C-4489-9A47-1FD8683AE5FE} = {827E0CD3-B72D-47B6-A68D-7590B98EB39B}
		{AE0F2FC6-A750-4459-9A9B-CBC027A22F71} = {827E0CD3-B72D-47B6-A68D-7590B98EB39B}
		{B27517F7-7956-49F7-84DE-A829E5F4FB9F} = {827E0CD3-B72D-47B6-A68D-7590B98EB39B}
		{F35EA5C0-27D6-42D9-8172-8D2A34D756C4} = {827E0CD3-B72D-47B6-A68D-7590B98EB39B}
		{B4C57848-7F37-450F-B06C-03DDC1AA00A6} = {0AB3BF05-4346-4AA6-1389-037BE0695223}
	EndGlobalSection
EndGlobal
